
Microsoft Visual Studio Solution File, Format Version 12.00
# Visual Studio Version 17
VisualStudioVersion = 17.9.34728.123
MinimumVisualStudioVersion = 10.0.40219.1
Project("{FAE04EC0-301F-11D3-BF4B-00C04F79EFBC}") = "study", "study.csproj", "{8C2829E7-8E91-42C5-ACB7-151104150144}"
EndProject
Global
	GlobalSection(SolutionConfigurationPlatforms) = preSolution
		Debug|Any CPU = Debug|Any CPU
		Release|Any CPU = Release|Any CPU
	EndGlobalSection
	GlobalSection(ProjectConfigurationPlatforms) = postSolution
		{8C2829E7-8E91-42C5-ACB7-151104150144}.Debug|Any CPU.ActiveCfg = Debug|Any CPU
		{8C2829E7-8E91-42C5-ACB7-151104150144}.Debug|Any CPU.Build.0 = Debug|Any CPU
		{8C2829E7-8E91-42C5-ACB7-151104150144}.Release|Any CPU.ActiveCfg = Release|Any CPU
		{8C2829E7-8E91-42C5-ACB7-151104150144}.Release|Any CPU.Build.0 = Release|Any CPU
	EndGlobalSection
	GlobalSection(SolutionProperties) = preSolution
		HideSolutionNode = FALSE
	EndGlobalSection
	GlobalSection(ExtensibilityGlobals) = postSolution
		SolutionGuid = {27C1E394-EA55-4415-856A-92A681C28FF3}
	EndGlobalSection
EndGlobal
